
Microsoft Visual Studio Solution File, Format Version 12.00
# Visual Studio Version 16
VisualStudioVersion = 16.0.30114.105
MinimumVisualStudioVersion = 10.0.40219.1
Project("{FAE04EC0-301F-11D3-BF4B-00C04F79EFBC}") = "API", "API\API.csproj", "{251D2D75-0EA1-41B0-A04B-A06C25D0FCB7}"
EndProject
Project("{FAE04EC0-301F-11D3-BF4B-00C04F79EFBC}") = "Application", "Application\Application.csproj", "{699C4416-DBCE-4567-9524-8EFF987C5D42}"
EndProject
Project("{FAE04EC0-301F-11D3-BF4B-00C04F79EFBC}") = "Persistence", "Persistence\Persistence.csproj", "{373F3B79-0517-4A79-B2B4-B42E3DA3981D}"
EndProject
Project("{FAE04EC0-301F-11D3-BF4B-00C04F79EFBC}") = "Domain", "Domain\Domain.csproj", "{DA4D4C3C-AA1B-4D21-9B9E-31A3B06DE174}"
EndProject
Global
	GlobalSection(SolutionConfigurationPlatforms) = preSolution
		Debug|Any CPU = Debug|Any CPU
		Debug|x64 = Debug|x64
		Debug|x86 = Debug|x86
		Release|Any CPU = Release|Any CPU
		Release|x64 = Release|x64
		Release|x86 = Release|x86
	EndGlobalSection
	GlobalSection(SolutionProperties) = preSolution
		HideSolutionNode = FALSE
	EndGlobalSection
	GlobalSection(ProjectConfigurationPlatforms) = postSolution
		{251D2D75-0EA1-41B0-A04B-A06C25D0FCB7}.Debug|Any CPU.ActiveCfg = Debug|Any CPU
		{251D2D75-0EA1-41B0-A04B-A06C25D0FCB7}.Debug|Any CPU.Build.0 = Debug|Any CPU
		{251D2D75-0EA1-41B0-A04B-A06C25D0FCB7}.Debug|x64.ActiveCfg = Debug|Any CPU
		{251D2D75-0EA1-41B0-A04B-A06C25D0FCB7}.Debug|x64.Build.0 = Debug|Any CPU
		{251D2D75-0EA1-41B0-A04B-A06C25D0FCB7}.Debug|x86.ActiveCfg = Debug|Any CPU
		{251D2D75-0EA1-41B0-A04B-A06C25D0FCB7}.Debug|x86.Build.0 = Debug|Any CPU
		{251D2D75-0EA1-41B0-A04B-A06C25D0FCB7}.Release|Any CPU.ActiveCfg = Release|Any CPU
		{251D2D75-0EA1-41B0-A04B-A06C25D0FCB7}.Release|Any CPU.Build.0 = Release|Any CPU
		{251D2D75-0EA1-41B0-A04B-A06C25D0FCB7}.Release|x64.ActiveCfg = Release|Any CPU
		{251D2D75-0EA1-41B0-A04B-A06C25D0FCB7}.Release|x64.Build.0 = Release|Any CPU
		{251D2D75-0EA1-41B0-A04B-A06C25D0FCB7}.Release|x86.ActiveCfg = Release|Any CPU
		{251D2D75-0EA1-41B0-A04B-A06C25D0FCB7}.Release|x86.Build.0 = Release|Any CPU
		{699C4416-DBCE-4567-9524-8EFF987C5D42}.Debug|Any CPU.ActiveCfg = Debug|Any CPU
		{699C4416-DBCE-4567-9524-8EFF987C5D42}.Debug|Any CPU.Build.0 = Debug|Any CPU
		{699C4416-DBCE-4567-9524-8EFF987C5D42}.Debug|x64.ActiveCfg = Debug|Any CPU
		{699C4416-DBCE-4567-9524-8EFF987C5D42}.Debug|x64.Build.0 = Debug|Any CPU
		{699C4416-DBCE-4567-9524-8EFF987C5D42}.Debug|x86.ActiveCfg = Debug|Any CPU
		{699C4416-DBCE-4567-9524-8EFF987C5D42}.Debug|x86.Build.0 = Debug|Any CPU
		{699C4416-DBCE-4567-9524-8EFF987C5D42}.Release|Any CPU.ActiveCfg = Release|Any CPU
		{699C4416-DBCE-4567-9524-8EFF987C5D42}.Release|Any CPU.Build.0 = Release|Any CPU
		{699C4416-DBCE-4567-9524-8EFF987C5D42}.Release|x64.ActiveCfg = Release|Any CPU
		{699C4416-DBCE-4567-9524-8EFF987C5D42}.Release|x64.Build.0 = Release|Any CPU
		{699C4416-DBCE-4567-9524-8EFF987C5D42}.Release|x86.ActiveCfg = Release|Any CPU
		{699C4416-DBCE-4567-9524-8EFF987C5D42}.Release|x86.Build.0 = Release|Any CPU
		{373F3B79-0517-4A79-B2B4-B42E3DA3981D}.Debug|Any CPU.ActiveCfg = Debug|Any CPU
		{373F3B79-0517-4A79-B2B4-B42E3DA3981D}.Debug|Any CPU.Build.0 = Debug|Any CPU
		{373F3B79-0517-4A79-B2B4-B42E3DA3981D}.Debug|x64.ActiveCfg = Debug|Any CPU
		{373F3B79-0517-4A79-B2B4-B42E3DA3981D}.Debug|x64.Build.0 = Debug|Any CPU
		{373F3B79-0517-4A79-B2B4-B42E3DA3981D}.Debug|x86.ActiveCfg = Debug|Any CPU
		{373F3B79-0517-4A79-B2B4-B42E3DA3981D}.Debug|x86.Build.0 = Debug|Any CPU
		{373F3B79-0517-4A79-B2B4-B42E3DA3981D}.Release|Any CPU.ActiveCfg = Release|Any CPU
		{373F3B79-0517-4A79-B2B4-B42E3DA3981D}.Release|Any CPU.Build.0 = Release|Any CPU
		{373F3B79-0517-4A79-B2B4-B42E3DA3981D}.Release|x64.ActiveCfg = Release|Any CPU
		{373F3B79-0517-4A79-B2B4-B42E3DA3981D}.Release|x64.Build.0 = Release|Any CPU
		{373F3B79-0517-4A79-B2B4-B42E3DA3981D}.Release|x86.ActiveCfg = Release|Any CPU
		{373F3B79-0517-4A79-B2B4-B42E3DA3981D}.Release|x86.Build.0 = Release|Any CPU
		{DA4D4C3C-AA1B-4D21-9B9E-31A3B06DE174}.Debug|Any CPU.ActiveCfg = Debug|Any CPU
		{DA4D4C3C-AA1B-4D21-9B9E-31A3B06DE174}.Debug|Any CPU.Build.0 = Debug|Any CPU
		{DA4D4C3C-AA1B-4D21-9B9E-31A3B06DE174}.Debug|x64.ActiveCfg = Debug|Any CPU
		{DA4D4C3C-AA1B-4D21-9B9E-31A3B06DE174}.Debug|x64.Build.0 = Debug|Any CPU
		{DA4D4C3C-AA1B-4D21-9B9E-31A3B06DE174}.Debug|x86.ActiveCfg = Debug|Any CPU
		{DA4D4C3C-AA1B-4D21-9B9E-31A3B06DE174}.Debug|x86.Build.0 = Debug|Any CPU
		{DA4D4C3C-AA1B-4D21-9B9E-31A3B06DE174}.Release|Any CPU.ActiveCfg = Release|Any CPU
		{DA4D4C3C-AA1B-4D21-9B9E-31A3B06DE174}.Release|Any CPU.Build.0 = Release|Any CPU
		{DA4D4C3C-AA1B-4D21-9B9E-31A3B06DE174}.Release|x64.ActiveCfg = Release|Any CPU
		{DA4D4C3C-AA1B-4D21-9B9E-31A3B06DE174}.Release|x64.Build.0 = Release|Any CPU
		{DA4D4C3C-AA1B-4D21-9B9E-31A3B06DE174}.Release|x86.ActiveCfg = Release|Any CPU
		{DA4D4C3C-AA1B-4D21-9B9E-31A3B06DE174}.Release|x86.Build.0 = Release|Any CPU
	EndGlobalSection
EndGlobal
